{
  "pins" : [
    {
      "identity" : "cuckoo",
      "kind" : "remoteSourceControl",
      "location" : "https://github.com/Brightify/Cuckoo.git",
      "state" : {
        "revision" : "475322e609d009c284464c886ca08cfe421137a9",
        "version" : "1.10.3"
      }
    },
    {
      "identity" : "fakery",
      "kind" : "remoteSourceControl",
      "location" : "https://github.com/vadymmarkov/Fakery.git",
      "state" : {
        "revision" : "71cb3bf36a808534659d1248780c2bf3c4c4fc91",
        "version" : "5.1.0"
      }
    },
    {
      "identity" : "mocker",
      "kind" : "remoteSourceControl",
      "location" : "https://github.com/WeTransfer/Mocker",
      "state" : {
        "revision" : "4384e015cae4916a6828252467a4437173c7ae17",
        "version" : "3.0.1"
      }
    }
  ],
  "version" : 2
}
